{
  "projects": [
    {
      "projectId": "7nJ7UcFmq9UzB6eXfC5z4a",
      "version": "0.26.0",
      "dependencies": {},
      "lang": "ts",
      "fileLocks": [
        {
          "assetId": "7nJ7UcFmq9UzB6eXfC5z4a",
          "type": "projectCss",
          "checksum": "05587b57f22f0ec8bb54543deb39762e"
        }
      ],
      "codegenVersion": "0.0.1"
    },
    {
      "projectId": "9Nnk23oMmgF8vKiA4JE9DT",
      "version": "latest",
      "dependencies": {
        "7nJ7UcFmq9UzB6eXfC5z4a": "0.26.0"
      },
      "lang": "ts",
      "fileLocks": [
        {
          "type": "globalVariant",
          "assetId": "Tm04vZi5utlx",
          "checksum": "cbe7d7a6beb73ac51d969ecfc3cb1190"
        },
        {
          "assetId": "9Nnk23oMmgF8vKiA4JE9DT",
          "type": "projectCss",
          "checksum": "49a478c593afa3d6c7dc173d7c73d724"
        },
        {
          "type": "renderModule",
          "assetId": "BD0NOOOgdi9T",
          "checksum": "0afe3375b4cd7423196a83590e16c1b9"
        },
        {
          "type": "cssRules",
          "assetId": "BD0NOOOgdi9T",
          "checksum": "0afe3375b4cd7423196a83590e16c1b9"
        },
        {
          "type": "renderModule",
          "assetId": "cAKpWFgIUIEk",
          "checksum": "073de494f2bd6b2d30b62b9d698c2732"
        },
        {
          "type": "cssRules",
          "assetId": "cAKpWFgIUIEk",
          "checksum": "073de494f2bd6b2d30b62b9d698c2732"
        },
        {
          "type": "renderModule",
          "assetId": "LqVYWq08vT_q",
          "checksum": "d2195559c3879b5664d7ac33625c2282"
        },
        {
          "type": "cssRules",
          "assetId": "LqVYWq08vT_q",
          "checksum": "d2195559c3879b5664d7ac33625c2282"
        },
        {
          "type": "renderModule",
          "assetId": "0Ysx4aWQQj8u",
          "checksum": "18ffdf7be1cb689eb481c2986abce732"
        },
        {
          "type": "cssRules",
          "assetId": "0Ysx4aWQQj8u",
          "checksum": "18ffdf7be1cb689eb481c2986abce732"
        },
        {
          "type": "renderModule",
          "assetId": "WWozl-bc9nkN",
          "checksum": "987719e0055fc1d63291972f4e900f37"
        },
        {
          "type": "cssRules",
          "assetId": "WWozl-bc9nkN",
          "checksum": "987719e0055fc1d63291972f4e900f37"
        },
        {
          "type": "renderModule",
          "assetId": "U6jo8uVUXYVD",
          "checksum": "46249e473f26fc5f62e6ebfaefe6e618"
        },
        {
          "type": "cssRules",
          "assetId": "U6jo8uVUXYVD",
          "checksum": "46249e473f26fc5f62e6ebfaefe6e618"
        },
        {
          "type": "renderModule",
          "assetId": "Ey3y8xZkftD-",
          "checksum": "6462038df93b8244964aaafe8d40836f"
        },
        {
          "type": "cssRules",
          "assetId": "Ey3y8xZkftD-",
          "checksum": "6462038df93b8244964aaafe8d40836f"
        },
        {
          "type": "renderModule",
          "assetId": "pXPiyXLyU2L1",
          "checksum": "85125da02f3a548718290b73134078b7"
        },
        {
          "type": "cssRules",
          "assetId": "pXPiyXLyU2L1",
          "checksum": "85125da02f3a548718290b73134078b7"
        },
        {
          "type": "icon",
          "assetId": "WYfNa7i9QyHl",
          "checksum": "28eaa2d686c140e6bedea5997ae57350"
        },
        {
          "type": "icon",
          "assetId": "eFjQi5pppnbe",
          "checksum": "793c78790ea6b1b197d342df0453c9af"
        },
        {
          "type": "icon",
          "assetId": "bFH48L3fC2Nx",
          "checksum": "34064ab3b8ef3032be9b98233c811d7d"
        },
        {
          "type": "icon",
          "assetId": "AYtJnzXPVtXH",
          "checksum": "82c8fe53705140930f4ba8b412dd3074"
        },
        {
          "type": "icon",
          "assetId": "jybfjZR439qq",
          "checksum": "8c6098f3a9bc8961aebd20941fbf5a60"
        },
        {
          "type": "icon",
          "assetId": "4DdeHUB8g6o4",
          "checksum": "5617351377f4bfcc23e0ae6a3e2c58cd"
        },
        {
          "type": "icon",
          "assetId": "glNJgDScdMZI",
          "checksum": "e4baa6925d09e8b02265152911a43e59"
        },
        {
          "type": "icon",
          "assetId": "MmlIbzNU6rmJ",
          "checksum": "0103ed7d7d6c81e87cef4b01b97fae24"
        },
        {
          "type": "icon",
          "assetId": "3_vqgOZDVNzH",
          "checksum": "1937ea0440f0dcc07ee59e557adf5c48"
        },
        {
          "type": "icon",
          "assetId": "XHEvLnH_vVyB",
          "checksum": "47f791294cf6cfb52239a5ae8fa9f274"
        },
        {
          "type": "image",
          "assetId": "YW5nOY63GkhJ",
          "checksum": "d609f1b005a8c1fd3ff6057ca0807476"
        },
        {
          "type": "image",
          "assetId": "TDQ0BOBliwoz",
          "checksum": "fab1ff3ef9f383b2b2eeb1241e3e90db"
        },
        {
          "type": "image",
          "assetId": "Brq31kKG5u9N",
          "checksum": "7926315458104487eebfed597c1c8d73"
        },
        {
          "type": "image",
          "assetId": "19TOcjj5wnkX",
          "checksum": "1a254230a639185b8cc212de7f6c473b"
        },
        {
          "type": "image",
          "assetId": "HcnDe0kJKbFc",
          "checksum": "91bae15b801bfa5480c93645fa5d605f"
        },
        {
          "type": "image",
          "assetId": "khG_9nm221sZ",
          "checksum": "d01050a78ffd11ef80e903c7de57d175"
        },
        {
          "type": "image",
          "assetId": "GTIEzw4wJoGO",
          "checksum": "cf0e9b3a82cceb92db8b1de86aa12203"
        },
        {
          "type": "image",
          "assetId": "PLlF055vzYgF",
          "checksum": "11bd806188936fadf84b54680db07a7a"
        },
        {
          "type": "image",
          "assetId": "bjPHiYYcOaYm",
          "checksum": "ab8f4dcd9d192efc028976ed709fd8ac"
        },
        {
          "type": "image",
          "assetId": "gwRzwVe3hSNs",
          "checksum": "f9fe1c45467845401b428748701678e4"
        },
        {
          "type": "image",
          "assetId": "9b1N_IfSug2H",
          "checksum": "6436b21d12e2a044aabb3694b40cd9f6"
        },
        {
          "type": "image",
          "assetId": "8P2EvB9ui7kP",
          "checksum": "bc6fe627130c68cb790d4fead9943201"
        },
        {
          "type": "image",
          "assetId": "ezhQlSYoex1E",
          "checksum": "b6480a20c0e352cca221b9866780399e"
        },
        {
          "type": "image",
          "assetId": "Rv7dIcPgKptL",
          "checksum": "e96a107a740f8efd9ae62dca12b20d75"
        },
        {
          "type": "image",
          "assetId": "7yoyxyxbN7mt",
          "checksum": "45d5489e91395cbe19858cdf71bed663"
        },
        {
          "type": "image",
          "assetId": "myFXGS0sVN_w",
          "checksum": "ecd99a35272f18fbbf62615048bbebf8"
        },
        {
          "type": "image",
          "assetId": "PR6s8odQ79Eh",
          "checksum": "8da332bc9c3fbff418b2ef577813b6d5"
        },
        {
          "type": "image",
          "assetId": "DqB0TZKfEMqs",
          "checksum": "cb84db2fdf1736f8bed7022bdd7b33d7"
        },
        {
          "type": "image",
          "assetId": "w2najCrbjusx",
          "checksum": "c9eec941b99d28e0f909f9310a031a8b"
        },
        {
          "type": "image",
          "assetId": "o1gO41a5Jd90",
          "checksum": "29cbe7543fb24c198ad3b7e59994f92a"
        },
        {
          "type": "image",
          "assetId": "BzSEVX3O7rSb",
          "checksum": "1ccda4ab4da84085775bd648051ec142"
        },
        {
          "type": "image",
          "assetId": "cHRCrSTeNHqI",
          "checksum": "34499ef0b1175028f6b5c9f5cc85c8c9"
        },
        {
          "type": "image",
          "assetId": "rNKJ5PV1oSIW",
          "checksum": "3b9ddf39ea79a9d5b698251887734120"
        },
        {
          "type": "image",
          "assetId": "EMeLE7HYjHNa",
          "checksum": "fd270dfc5224cc1854bc12046faf169c"
        },
        {
          "type": "image",
          "assetId": "LWKN7YT5laYR",
          "checksum": "c1e7902feced91ac174eb5f6d6881709"
        },
        {
          "type": "image",
          "assetId": "QB4H1Y3rGlPN",
          "checksum": "d348acd5b79f2a989a85d6724d5f86da"
        },
        {
          "type": "image",
          "assetId": "RUQ_lTXJbPYG",
          "checksum": "b360d85d6ae610885c2a8a55df7f07a7"
        },
        {
          "type": "image",
          "assetId": "-sUse_8amBOi",
          "checksum": "44b5412257d500bbfa1073bfdbdc8397"
        },
        {
          "type": "image",
          "assetId": "B5I5BdfJGjdA",
          "checksum": "e3e45c10b6b1b9e0ea26176db2462b48"
        },
        {
          "type": "image",
          "assetId": "DGwsHBwOhviP",
          "checksum": "f34fdcce2fb1c0582354b3e1c7301554"
        },
        {
          "type": "image",
          "assetId": "WnxREb7VWYje",
          "checksum": "2fe04804b27ce0dd6ee175f175af496f"
        },
        {
          "type": "image",
          "assetId": "YOkeGE9h6Ix5",
          "checksum": "c29701f34182e8e75192b55537544abd"
        },
        {
          "type": "image",
          "assetId": "8z-wbMmT1Fo_",
          "checksum": "47cd386131409b7147735fc2de4e5ff5"
        },
        {
          "type": "image",
          "assetId": "zrVhZhskFMy9",
          "checksum": "6be5d726b9295a4ed20d9acee2713ff9"
        },
        {
          "type": "image",
          "assetId": "6CUB1CCMrEy6",
          "checksum": "815c2e8874f69716447371fb36d3fdd5"
        },
        {
          "type": "image",
          "assetId": "6Hl6xmQNueoe",
          "checksum": "f719a5826a819ed68ee98d47b1b9f83f"
        },
        {
          "type": "image",
          "assetId": "EkZm6Y3AIvyn",
          "checksum": "2b69dbc8ff49fe9b34dbffe99e9e3237"
        },
        {
          "type": "image",
          "assetId": "PtYoIrpaWF5c",
          "checksum": "1249e3a475e71a53d7b06331ecef9326"
        },
        {
          "type": "image",
          "assetId": "obHVdMbWqLea",
          "checksum": "5256a4c647127ed25c082844a0b64e2f"
        },
        {
          "type": "image",
          "assetId": "vjn0V1XWQWyi",
          "checksum": "8ce54c3567bb98f7fb960e6718c4687b"
        },
        {
          "type": "image",
          "assetId": "usQeYtHRUu1e",
          "checksum": "218848b5a4e7836328a61ec94f942dfc"
        }
      ],
      "codegenVersion": "0.0.1"
    }
  ],
  "cliVersion": "0.1.329"
}
